
Microsoft Visual Studio Solution File, Format Version 12.00
# Visual Studio Version 16
VisualStudioVersion = 16.0.31702.278
MinimumVisualStudioVersion = 10.0.40219.1
Project("{9A19103F-16F7-4668-BE54-9A1E7A4F7556}") = "FluxoCaixa.Domain", "src\FluxoCaixa.Domain\FluxoCaixa.Domain.csproj", "{A1877897-FBB0-4DB2-92DC-164445757BC3}"
EndProject
Project("{9A19103F-16F7-4668-BE54-9A1E7A4F7556}") = "FluxoCaixa.Api", "src\FluxoCaixa.Api\FluxoCaixa.Api.csproj", "{2310CCD2-2227-4DDD-A5B3-45F541545E3B}"
EndProject
Project("{FAE04EC0-301F-11D3-BF4B-00C04F79EFBC}") = "FluxoCaixa.Infra.Data", "src\FluxoCaixa.Infra.Data\FluxoCaixa.Infra.Data.csproj", "{437BFC3D-490A-4AB6-A7AA-0AD699FD2120}"
EndProject
Global
	GlobalSection(SolutionConfigurationPlatforms) = preSolution
		Debug|Any CPU = Debug|Any CPU
		Release|Any CPU = Release|Any CPU
	EndGlobalSection
	GlobalSection(ProjectConfigurationPlatforms) = postSolution
		{A1877897-FBB0-4DB2-92DC-164445757BC3}.Debug|Any CPU.ActiveCfg = Debug|Any CPU
		{A1877897-FBB0-4DB2-92DC-164445757BC3}.Debug|Any CPU.Build.0 = Debug|Any CPU
		{A1877897-FBB0-4DB2-92DC-164445757BC3}.Release|Any CPU.ActiveCfg = Release|Any CPU
		{A1877897-FBB0-4DB2-92DC-164445757BC3}.Release|Any CPU.Build.0 = Release|Any CPU
		{2310CCD2-2227-4DDD-A5B3-45F541545E3B}.Debug|Any CPU.ActiveCfg = Debug|Any CPU
		{2310CCD2-2227-4DDD-A5B3-45F541545E3B}.Debug|Any CPU.Build.0 = Debug|Any CPU
		{2310CCD2-2227-4DDD-A5B3-45F541545E3B}.Release|Any CPU.ActiveCfg = Release|Any CPU
		{2310CCD2-2227-4DDD-A5B3-45F541545E3B}.Release|Any CPU.Build.0 = Release|Any CPU
		{437BFC3D-490A-4AB6-A7AA-0AD699FD2120}.Debug|Any CPU.ActiveCfg = Debug|Any CPU
		{437BFC3D-490A-4AB6-A7AA-0AD699FD2120}.Debug|Any CPU.Build.0 = Debug|Any CPU
		{437BFC3D-490A-4AB6-A7AA-0AD699FD2120}.Release|Any CPU.ActiveCfg = Release|Any CPU
		{437BFC3D-490A-4AB6-A7AA-0AD699FD2120}.Release|Any CPU.Build.0 = Release|Any CPU
	EndGlobalSection
	GlobalSection(SolutionProperties) = preSolution
		HideSolutionNode = FALSE
	EndGlobalSection
	GlobalSection(ExtensibilityGlobals) = postSolution
		SolutionGuid = {E6AD91CA-7EF0-4945-9AC5-B0E5BBA674CB}
	EndGlobalSection
EndGlobal
